{
  "requires": true,
  "lockfileVersion": 1,
  "dependencies": {
    "@daypilot/daypilot-lite-javascript": {
      "version": "4.8.0",
      "resolved": "https://registry.npmjs.org/@daypilot/daypilot-lite-javascript/-/daypilot-lite-javascript-4.8.0.tgz",
      "integrity": "sha512-aveU2XSCOkSykDDtRHwCWZusD1G5B5R04iySQZ4sSNtz++F36qypxMaqlzPsFuUrqNL6oaE/0eCfqxUH1AFROA=="
    }
  }
}
